
Microsoft Visual Studio Solution File, Format Version 12.00
# Visual Studio 14
VisualStudioVersion = 14.0.25123.0
MinimumVisualStudioVersion = 10.0.40219.1
Project("{FAE04EC0-301F-11D3-BF4B-00C04F79EFBC}") = "Libros.Models", "Libros.Models\Libros.Models.csproj", "{6BEF4229-B96D-4818-814E-B4957E2172E5}"
EndProject
Project("{FAE04EC0-301F-11D3-BF4B-00C04F79EFBC}") = "Libros.WebApp", "Libros.WebApp\Libros.WebApp.csproj", "{F9803218-77FD-47A8-9F64-C10CBEC79319}"
EndProject
<<<<<<< .mine
Project("{FAE04EC0-301F-11D3-BF4B-00C04F79EFBC}") = "Console", "Console\Console.csproj", "{4AF85816-DF5E-46C9-9B07-AB43FA7A56F2}"
EndProject
||||||| .r359
=======
Project("{FAE04EC0-301F-11D3-BF4B-00C04F79EFBC}") = "Libros.Testing", "Libro.Testing\Libros.Testing.csproj", "{18F39483-07A3-4DF1-8504-7E7D2DDBF293}"
EndProject
>>>>>>> .r366
Global
	GlobalSection(SolutionConfigurationPlatforms) = preSolution
		Debug|Any CPU = Debug|Any CPU
		Release|Any CPU = Release|Any CPU
	EndGlobalSection
	GlobalSection(ProjectConfigurationPlatforms) = postSolution
		{6BEF4229-B96D-4818-814E-B4957E2172E5}.Debug|Any CPU.ActiveCfg = Debug|Any CPU
		{6BEF4229-B96D-4818-814E-B4957E2172E5}.Debug|Any CPU.Build.0 = Debug|Any CPU
		{6BEF4229-B96D-4818-814E-B4957E2172E5}.Release|Any CPU.ActiveCfg = Release|Any CPU
		{6BEF4229-B96D-4818-814E-B4957E2172E5}.Release|Any CPU.Build.0 = Release|Any CPU
		{F9803218-77FD-47A8-9F64-C10CBEC79319}.Debug|Any CPU.ActiveCfg = Debug|Any CPU
		{F9803218-77FD-47A8-9F64-C10CBEC79319}.Debug|Any CPU.Build.0 = Debug|Any CPU
		{F9803218-77FD-47A8-9F64-C10CBEC79319}.Release|Any CPU.ActiveCfg = Release|Any CPU
		{F9803218-77FD-47A8-9F64-C10CBEC79319}.Release|Any CPU.Build.0 = Release|Any CPU
		{4AF85816-DF5E-46C9-9B07-AB43FA7A56F2}.Debug|Any CPU.ActiveCfg = Debug|Any CPU
		{4AF85816-DF5E-46C9-9B07-AB43FA7A56F2}.Debug|Any CPU.Build.0 = Debug|Any CPU
		{4AF85816-DF5E-46C9-9B07-AB43FA7A56F2}.Release|Any CPU.ActiveCfg = Release|Any CPU
		{4AF85816-DF5E-46C9-9B07-AB43FA7A56F2}.Release|Any CPU.Build.0 = Release|Any CPU
		{18F39483-07A3-4DF1-8504-7E7D2DDBF293}.Debug|Any CPU.ActiveCfg = Debug|Any CPU
		{18F39483-07A3-4DF1-8504-7E7D2DDBF293}.Debug|Any CPU.Build.0 = Debug|Any CPU
		{18F39483-07A3-4DF1-8504-7E7D2DDBF293}.Release|Any CPU.ActiveCfg = Release|Any CPU
		{18F39483-07A3-4DF1-8504-7E7D2DDBF293}.Release|Any CPU.Build.0 = Release|Any CPU
	EndGlobalSection
	GlobalSection(SolutionProperties) = preSolution
		HideSolutionNode = FALSE
	EndGlobalSection
EndGlobal
